// !$*UTF8*$!
{
	archiveVersion = 1;
	classes = {
	};
	objectVersion = 46;
	objects = {

/* Begin PBXBuildFile section */
		D0AC872A15FDD1E000020857 /* Foundation.framework in Frameworks */ = {isa = PBXBuildFile; fileRef = D0AC872915FDD1E000020857 /* Foundation.framework */; };
		D0AC873015FDD1E000020857 /* staticlib.m in Sources */ = {isa = PBXBuildFile; fileRef = D0AC872F15FDD1E000020857 /* staticlib.m */; };
		D0AC873615FDD20900020857 /* staticlib.h in Headers */ = {isa = PBXBuildFile; fileRef = D0AC872E15FDD1E000020857 /* staticlib.h */; settings = {ATTRIBUTES = (Public, ); }; };
/* End PBXBuildFile section */

/* Begin PBXFileReference section */
		D0AC872615FDD1E000020857 /* libstaticlib.a */ = {isa = PBXFileReference; explicitFileType = archive.ar; includeInIndex = 0; path = libstaticlib.a; sourceTree = BUILT_PRODUCTS_DIR; };
		D0AC872915FDD1E000020857 /* Foundation.framework */ = {isa = PBXFileReference; lastKnownFileType = wrapper.framework; name = Foundation.framework; path = System/Library/Frameworks/Foundation.framework; sourceTree = SDKROOT; };
		D0AC872D15FDD1E000020857 /* staticlib-Prefix.pch */ = {isa = PBXFileReference; lastKnownFileType = sourcecode.c.h; path = "staticlib-Prefix.pch"; sourceTree = "<group>"; };
		D0AC872E15FDD1E000020857 /* staticlib.h */ = {isa = PBXFileReference; lastKnownFileType = sourcecode.c.h; path = staticlib.h; sourceTree = "<group>"; };
		D0AC872F15FDD1E000020857 /* staticlib.m */ = {isa = PBXFileReference; lastKnownFileType = sourcecode.c.objc; path = staticlib.m; sourceTree = "<group>"; };
/* End PBXFileReference section */

/* Begin PBXFrameworksBuildPhase section */
		D0AC872315FDD1E000020857 /* Frameworks */ = {
			isa = PBXFrameworksBuildPhase;
			buildActionMask = 2147483647;
			files = (
				D0AC872A15FDD1E000020857 /* Foundation.framework in Frameworks */,
			);
			runOnlyForDeploymentPostprocessing = 0;
		};
/* End PBXFrameworksBuildPhase section */

/* Begin PBXGroup section */
		D0AC871B15FDD1E000020857 = {
			isa = PBXGroup;
			children = (
				D0AC872B15FDD1E000020857 /* staticlib */,
				D0AC872815FDD1E000020857 /* Frameworks */,
				D0AC872715FDD1E000020857 /* Products */,
			);
			sourceTree = "<group>";
		};
		D0AC872715FDD1E000020857 /* Products */ = {
			isa = PBXGroup;
			children = (
				D0AC872615FDD1E000020857 /* libstaticlib.a */,
			);
			name = Products;
			sourceTree = "<group>";
		};
		D0AC872815FDD1E000020857 /* Frameworks */ = {
			isa = PBXGroup;
			children = (
				D0AC872915FDD1E000020857 /* Foundation.framework */,
			);
			name = Frameworks;
			sourceTree = "<group>";
		};
		D0AC872B15FDD1E000020857 /* staticlib */ = {
			isa = PBXGroup;
			children = (
				D0AC872E15FDD1E000020857 /* staticlib.h */,
				D0AC872F15FDD1E000020857 /* staticlib.m */,
				D0AC872C15FDD1E000020857 /* Supporting Files */,
			);
			path = staticlib;
			sourceTree = "<group>";
		};
		D0AC872C15FDD1E000020857 /* Supporting Files */ = {
			isa = PBXGroup;
			children = (
				D0AC872D15FDD1E000020857 /* staticlib-Prefix.pch */,
			);
			name = "Supporting Files";
			sourceTree = "<group>";
		};
/* End PBXGroup section */

/* Begin PBXHeadersBuildPhase section */
		D0AC872415FDD1E000020857 /* Headers */ = {
			isa = PBXHeadersBuildPhase;
			buildActionMask = 2147483647;
			files = (
				D0AC873615FDD20900020857 /* staticlib.h in Headers */,
			);
			runOnlyForDeploymentPostprocessing = 0;
		};
/* End PBXHeadersBuildPhase section */

/* Begin PBXNativeTarget section */
		D0AC872515FDD1E000020857 /* staticlib */ = {
			isa = PBXNativeTarget;
			buildConfigurationList = D0AC873315FDD1E000020857 /* Build configuration list for PBXNativeTarget "staticlib" */;
			buildPhases = (
				D0AC872215FDD1E000020857 /* Sources */,
				D0AC872315FDD1E000020857 /* Frameworks */,
				D0AC872415FDD1E000020857 /* Headers */,
			);
			buildRules = (
			);
			dependencies = (
			);
			name = staticlib;
			productName = staticlib;
			productReference = D0AC872615FDD1E000020857 /* libstaticlib.a */;
			productType = "com.apple.product-type.library.static";
		};
/* End PBXNativeTarget section */

/* Begin PBXProject section */
		D0AC871D15FDD1E000020857 /* Project object */ = {
			isa = PBXProject;
			attributes = {
				LastUpgradeCheck = 0420;
				ORGANIZATIONNAME = szty;
			};
			buildConfigurationList = D0AC872015FDD1E000020857 /* Build configuration list for PBXProject "staticlib" */;
			compatibilityVersion = "Xcode 3.2";
			developmentRegion = English;
			hasScannedForEncodings = 0;
			knownRegions = (
				en,
			);
			mainGroup = D0AC871B15FDD1E000020857;
			productRefGroup = D0AC872715FDD1E000020857 /* Products */;
			projectDirPath = "";
			projectRoot = "";
			targets = (
				D0AC872515FDD1E000020857 /* staticlib */,
			);
		};
/* End PBXProject section */

/* Begin PBXSourcesBuildPhase section */
		D0AC872215FDD1E000020857 /* Sources */ = {
			isa = PBXSourcesBuildPhase;
			buildActionMask = 2147483647;
			files = (
				D0AC873015FDD1E000020857 /* staticlib.m in Sources */,
			);
			runOnlyForDeploymentPostprocessing = 0;
		};
/* End PBXSourcesBuildPhase section */

/* Begin XCBuildConfiguration section */
		D0AC873115FDD1E000020857 /* Debug */ = {
			isa = XCBuildConfiguration;
			buildSettings = {
				ALWAYS_SEARCH_USER_PATHS = NO;
				ARCHS = "$(ARCHS_STANDARD_32_BIT)";
				CLANG_ENABLE_OBJC_ARC = YES;
				COPY_PHASE_STRIP = NO;
				GCC_C_LANGUAGE_STANDARD = gnu99;
				GCC_DYNAMIC_NO_PIC = NO;
				GCC_OPTIMIZATION_LEVEL = 0;
				GCC_PREPROCESSOR_DEFINITIONS = (
					"DEBUG=1",
					"$(inherited)",
				);
				GCC_SYMBOLS_PRIVATE_EXTERN = NO;
				GCC_VERSION = com.apple.compilers.llvm.clang.1_0;
				GCC_WARN_ABOUT_MISSING_PROTOTYPES = YES;
				GCC_WARN_ABOUT_RETURN_TYPE = YES;
				GCC_WARN_UNUSED_VARIABLE = YES;
				IPHONEOS_DEPLOYMENT_TARGET = 5.0;
				SDKROOT = iphoneos;
			};
			name = Debug;
		};
		D0AC873215FDD1E000020857 /* Release */ = {
			isa = XCBuildConfiguration;
			buildSettings = {
				ALWAYS_SEARCH_USER_PATHS = NO;
				ARCHS = "$(ARCHS_STANDARD_32_BIT)";
				CLANG_ENABLE_OBJC_ARC = YES;
				COPY_PHASE_STRIP = YES;
				GCC_C_LANGUAGE_STANDARD = gnu99;
				GCC_VERSION = com.apple.compilers.llvm.clang.1_0;
				GCC_WARN_ABOUT_MISSING_PROTOTYPES = YES;
				GCC_WARN_ABOUT_RETURN_TYPE = YES;
				GCC_WARN_UNUSED_VARIABLE = YES;
				IPHONEOS_DEPLOYMENT_TARGET = 5.0;
				SDKROOT = iphoneos;
				VALIDATE_PRODUCT = YES;
			};
			name = Release;
		};
		D0AC873415FDD1E000020857 /* Debug */ = {
			isa = XCBuildConfiguration;
			buildSettings = {
				DSTROOT = /tmp/staticlib.dst;
				GCC_PRECOMPILE_PREFIX_HEADER = YES;
				GCC_PREFIX_HEADER = "staticlib/staticlib-Prefix.pch";
				OTHER_LDFLAGS = "-ObjC";
				PRODUCT_NAME = "$(TARGET_NAME)";
				SKIP_INSTALL = YES;
			};
			name = Debug;
		};
		D0AC873515FDD1E000020857 /* Release */ = {
			isa = XCBuildConfiguration;
			buildSettings = {
				DSTROOT = /tmp/staticlib.dst;
				GCC_PRECOMPILE_PREFIX_HEADER = YES;
				GCC_PREFIX_HEADER = "staticlib/staticlib-Prefix.pch";
				OTHER_LDFLAGS = "-ObjC";
				PRODUCT_NAME = "$(TARGET_NAME)";
				SKIP_INSTALL = YES;
			};
			name = Release;
		};
/* End XCBuildConfiguration section */

/* Begin XCConfigurationList section */
		D0AC872015FDD1E000020857 /* Build configuration list for PBXProject "staticlib" */ = {
			isa = XCConfigurationList;
			buildConfigurations = (
				D0AC873115FDD1E000020857 /* Debug */,
				D0AC873215FDD1E000020857 /* Release */,
			);
			defaultConfigurationIsVisible = 0;
			defaultConfigurationName = Release;
		};
		D0AC873315FDD1E000020857 /* Build configuration list for PBXNativeTarget "staticlib" */ = {
			isa = XCConfigurationList;
			buildConfigurations = (
				D0AC873415FDD1E000020857 /* Debug */,
				D0AC873515FDD1E000020857 /* Release */,
			);
			defaultConfigurationIsVisible = 0;
		};
/* End XCConfigurationList section */
	};
	rootObject = D0AC871D15FDD1E000020857 /* Project object */;
}
